
Microsoft Visual Studio Solution File, Format Version 12.00
# Visual Studio 2012
Project("{FAE04EC0-301F-11D3-BF4B-00C04F79EFBC}") = "Deployer.App", "Deployer.App\Deployer.App.csproj", "{8FE66608-8A1F-47D1-A78D-2795085B02EF}"
EndProject
Project("{FAE04EC0-301F-11D3-BF4B-00C04F79EFBC}") = "Deployer.Services", "Deployer.Services\Deployer.Services.csproj", "{4D52A305-28D5-48DE-B1ED-9413174E1904}"
EndProject
Global
	GlobalSection(SolutionConfigurationPlatforms) = preSolution
		Debug|Any CPU = Debug|Any CPU
		Release|Any CPU = Release|Any CPU
	EndGlobalSection
	GlobalSection(ProjectConfigurationPlatforms) = postSolution
		{8FE66608-8A1F-47D1-A78D-2795085B02EF}.Debug|Any CPU.ActiveCfg = Debug|Any CPU
		{8FE66608-8A1F-47D1-A78D-2795085B02EF}.Debug|Any CPU.Build.0 = Debug|Any CPU
		{8FE66608-8A1F-47D1-A78D-2795085B02EF}.Debug|Any CPU.Deploy.0 = Debug|Any CPU
		{8FE66608-8A1F-47D1-A78D-2795085B02EF}.Release|Any CPU.ActiveCfg = Release|Any CPU
		{8FE66608-8A1F-47D1-A78D-2795085B02EF}.Release|Any CPU.Build.0 = Release|Any CPU
		{8FE66608-8A1F-47D1-A78D-2795085B02EF}.Release|Any CPU.Deploy.0 = Release|Any CPU
		{4D52A305-28D5-48DE-B1ED-9413174E1904}.Debug|Any CPU.ActiveCfg = Debug|Any CPU
		{4D52A305-28D5-48DE-B1ED-9413174E1904}.Debug|Any CPU.Build.0 = Debug|Any CPU
		{4D52A305-28D5-48DE-B1ED-9413174E1904}.Release|Any CPU.ActiveCfg = Release|Any CPU
		{4D52A305-28D5-48DE-B1ED-9413174E1904}.Release|Any CPU.Build.0 = Release|Any CPU
	EndGlobalSection
	GlobalSection(SolutionProperties) = preSolution
		HideSolutionNode = FALSE
	EndGlobalSection
EndGlobal
