
Microsoft Visual Studio Solution File, Format Version 12.00
# Visual Studio 2012
Project("{FAE04EC0-301F-11D3-BF4B-00C04F79EFBC}") = "Deployer.Services.Tests", "Deployer.Services.Tests\Deployer.Services.Tests.csproj", "{DA7EC3A8-277F-4C44-BF71-65CD3DCCDBD2}"
EndProject
Project("{FAE04EC0-301F-11D3-BF4B-00C04F79EFBC}") = "Deployer.Services", "Deployer.Services\Deployer.Services.csproj", "{D1104A21-882D-4875-9F01-7758F2ACBD9F}"
EndProject
Project("{FAE04EC0-301F-11D3-BF4B-00C04F79EFBC}") = "Json.NETMF", "Json.NETMF\Json.NETMF.csproj", "{3FD3D714-A431-42EC-99D0-2F7D9F0E1BD3}"
EndProject
Project("{FAE04EC0-301F-11D3-BF4B-00C04F79EFBC}") = "Deployer.Wpf", "Deployer.Wpf\Deployer.Wpf.csproj", "{AAE7F38C-C161-4A35-AD7C-A63AAFACDA97}"
EndProject
Global
	GlobalSection(SolutionConfigurationPlatforms) = preSolution
		Debug|Any CPU = Debug|Any CPU
		Release|Any CPU = Release|Any CPU
	EndGlobalSection
	GlobalSection(ProjectConfigurationPlatforms) = postSolution
		{DA7EC3A8-277F-4C44-BF71-65CD3DCCDBD2}.Debug|Any CPU.ActiveCfg = Debug|Any CPU
		{DA7EC3A8-277F-4C44-BF71-65CD3DCCDBD2}.Debug|Any CPU.Build.0 = Debug|Any CPU
		{DA7EC3A8-277F-4C44-BF71-65CD3DCCDBD2}.Release|Any CPU.ActiveCfg = Release|Any CPU
		{DA7EC3A8-277F-4C44-BF71-65CD3DCCDBD2}.Release|Any CPU.Build.0 = Release|Any CPU
		{D1104A21-882D-4875-9F01-7758F2ACBD9F}.Debug|Any CPU.ActiveCfg = Debug|Any CPU
		{D1104A21-882D-4875-9F01-7758F2ACBD9F}.Debug|Any CPU.Build.0 = Debug|Any CPU
		{D1104A21-882D-4875-9F01-7758F2ACBD9F}.Release|Any CPU.ActiveCfg = Release|Any CPU
		{D1104A21-882D-4875-9F01-7758F2ACBD9F}.Release|Any CPU.Build.0 = Release|Any CPU
		{3FD3D714-A431-42EC-99D0-2F7D9F0E1BD3}.Debug|Any CPU.ActiveCfg = Debug|Any CPU
		{3FD3D714-A431-42EC-99D0-2F7D9F0E1BD3}.Debug|Any CPU.Build.0 = Debug|Any CPU
		{3FD3D714-A431-42EC-99D0-2F7D9F0E1BD3}.Release|Any CPU.ActiveCfg = Release|Any CPU
		{3FD3D714-A431-42EC-99D0-2F7D9F0E1BD3}.Release|Any CPU.Build.0 = Release|Any CPU
		{AAE7F38C-C161-4A35-AD7C-A63AAFACDA97}.Debug|Any CPU.ActiveCfg = Debug|Any CPU
		{AAE7F38C-C161-4A35-AD7C-A63AAFACDA97}.Debug|Any CPU.Build.0 = Debug|Any CPU
		{AAE7F38C-C161-4A35-AD7C-A63AAFACDA97}.Release|Any CPU.ActiveCfg = Release|Any CPU
		{AAE7F38C-C161-4A35-AD7C-A63AAFACDA97}.Release|Any CPU.Build.0 = Release|Any CPU
	EndGlobalSection
	GlobalSection(SolutionProperties) = preSolution
		HideSolutionNode = FALSE
	EndGlobalSection
EndGlobal
